// !$*UTF8*$!
{
	archiveVersion = 1;
	classes = {
	};
	objectVersion = 46;
	objects = {

/* Begin PBXBuildFile section */
		71E67DB31EF5848E00116D9B /* AppDelegate.swift in Sources */ = {isa = PBXBuildFile; fileRef = 71E67DB21EF5848E00116D9B /* AppDelegate.swift */; };
		71E67DB81EF5848E00116D9B /* Main.storyboard in Resources */ = {isa = PBXBuildFile; fileRef = 71E67DB61EF5848E00116D9B /* Main.storyboard */; };
		71E67DBB1EF5848E00116D9B /* WebRTCHandsOn.xcdatamodeld in Sources */ = {isa = PBXBuildFile; fileRef = 71E67DB91EF5848E00116D9B /* WebRTCHandsOn.xcdatamodeld */; };
		71E67DBD1EF5848E00116D9B /* Assets.xcassets in Resources */ = {isa = PBXBuildFile; fileRef = 71E67DBC1EF5848E00116D9B /* Assets.xcassets */; };
		71E67DC01EF5848E00116D9B /* LaunchScreen.storyboard in Resources */ = {isa = PBXBuildFile; fileRef = 71E67DBE1EF5848E00116D9B /* LaunchScreen.storyboard */; };
		71E67DC81EF5935900116D9B /* JoinViewController.swift in Sources */ = {isa = PBXBuildFile; fileRef = 71E67DC71EF5935900116D9B /* JoinViewController.swift */; };
		71E67DCA1EF5955E00116D9B /* ChatViewController.swift in Sources */ = {isa = PBXBuildFile; fileRef = 71E67DC91EF5955E00116D9B /* ChatViewController.swift */; };
		F148FB4BC708E616CBFE1C2C /* Pods_WebRTCHandsOn.framework in Frameworks */ = {isa = PBXBuildFile; fileRef = 5D73D5C878822F0FBC0BB4D9 /* Pods_WebRTCHandsOn.framework */; };
/* End PBXBuildFile section */

/* Begin PBXFileReference section */
		5D73D5C878822F0FBC0BB4D9 /* Pods_WebRTCHandsOn.framework */ = {isa = PBXFileReference; explicitFileType = wrapper.framework; includeInIndex = 0; path = Pods_WebRTCHandsOn.framework; sourceTree = BUILT_PRODUCTS_DIR; };
		71E67DAF1EF5848E00116D9B /* WebRTCHandsOn.app */ = {isa = PBXFileReference; explicitFileType = wrapper.application; includeInIndex = 0; path = WebRTCHandsOn.app; sourceTree = BUILT_PRODUCTS_DIR; };
		71E67DB21EF5848E00116D9B /* AppDelegate.swift */ = {isa = PBXFileReference; lastKnownFileType = sourcecode.swift; path = AppDelegate.swift; sourceTree = "<group>"; };
		71E67DB71EF5848E00116D9B /* Base */ = {isa = PBXFileReference; lastKnownFileType = file.storyboard; name = Base; path = Base.lproj/Main.storyboard; sourceTree = "<group>"; };
		71E67DBA1EF5848E00116D9B /* WebRTCHandsOn.xcdatamodel */ = {isa = PBXFileReference; lastKnownFileType = wrapper.xcdatamodel; path = WebRTCHandsOn.xcdatamodel; sourceTree = "<group>"; };
		71E67DBC1EF5848E00116D9B /* Assets.xcassets */ = {isa = PBXFileReference; lastKnownFileType = folder.assetcatalog; path = Assets.xcassets; sourceTree = "<group>"; };
		71E67DBF1EF5848E00116D9B /* Base */ = {isa = PBXFileReference; lastKnownFileType = file.storyboard; name = Base; path = Base.lproj/LaunchScreen.storyboard; sourceTree = "<group>"; };
		71E67DC11EF5848E00116D9B /* Info.plist */ = {isa = PBXFileReference; lastKnownFileType = text.plist.xml; path = Info.plist; sourceTree = "<group>"; };
		71E67DC71EF5935900116D9B /* JoinViewController.swift */ = {isa = PBXFileReference; fileEncoding = 4; lastKnownFileType = sourcecode.swift; path = JoinViewController.swift; sourceTree = "<group>"; };
		71E67DC91EF5955E00116D9B /* ChatViewController.swift */ = {isa = PBXFileReference; fileEncoding = 4; lastKnownFileType = sourcecode.swift; path = ChatViewController.swift; sourceTree = "<group>"; };
		976A241F6C9D4EC851FDFB4E /* Pods-WebRTCHandsOn.debug.xcconfig */ = {isa = PBXFileReference; includeInIndex = 1; lastKnownFileType = text.xcconfig; name = "Pods-WebRTCHandsOn.debug.xcconfig"; path = "Pods/Target Support Files/Pods-WebRTCHandsOn/Pods-WebRTCHandsOn.debug.xcconfig"; sourceTree = "<group>"; };
		C4FBB6AF01DA66BDE3BDBB2D /* Pods-WebRTCHandsOn.release.xcconfig */ = {isa = PBXFileReference; includeInIndex = 1; lastKnownFileType = text.xcconfig; name = "Pods-WebRTCHandsOn.release.xcconfig"; path = "Pods/Target Support Files/Pods-WebRTCHandsOn/Pods-WebRTCHandsOn.release.xcconfig"; sourceTree = "<group>"; };
/* End PBXFileReference section */

/* Begin PBXFrameworksBuildPhase section */
		71E67DAC1EF5848E00116D9B /* Frameworks */ = {
			isa = PBXFrameworksBuildPhase;
			buildActionMask = 2147483647;
			files = (
				F148FB4BC708E616CBFE1C2C /* Pods_WebRTCHandsOn.framework in Frameworks */,
			);
			runOnlyForDeploymentPostprocessing = 0;
		};
/* End PBXFrameworksBuildPhase section */

/* Begin PBXGroup section */
		1A9CF4F1DF7E0BA8445B1A2C /* Pods */ = {
			isa = PBXGroup;
			children = (
				976A241F6C9D4EC851FDFB4E /* Pods-WebRTCHandsOn.debug.xcconfig */,
				C4FBB6AF01DA66BDE3BDBB2D /* Pods-WebRTCHandsOn.release.xcconfig */,
			);
			name = Pods;
			sourceTree = "<group>";
		};
		4039D31DA375547E539A87D6 /* Frameworks */ = {
			isa = PBXGroup;
			children = (
				5D73D5C878822F0FBC0BB4D9 /* Pods_WebRTCHandsOn.framework */,
			);
			name = Frameworks;
			sourceTree = "<group>";
		};
		71E67DA61EF5848E00116D9B = {
			isa = PBXGroup;
			children = (
				71E67DB11EF5848E00116D9B /* WebRTCHandsOn */,
				71E67DB01EF5848E00116D9B /* Products */,
				1A9CF4F1DF7E0BA8445B1A2C /* Pods */,
				4039D31DA375547E539A87D6 /* Frameworks */,
			);
			sourceTree = "<group>";
		};
		71E67DB01EF5848E00116D9B /* Products */ = {
			isa = PBXGroup;
			children = (
				71E67DAF1EF5848E00116D9B /* WebRTCHandsOn.app */,
			);
			name = Products;
			sourceTree = "<group>";
		};
		71E67DB11EF5848E00116D9B /* WebRTCHandsOn */ = {
			isa = PBXGroup;
			children = (
				71E67DB21EF5848E00116D9B /* AppDelegate.swift */,
				71E67DC71EF5935900116D9B /* JoinViewController.swift */,
				71E67DC91EF5955E00116D9B /* ChatViewController.swift */,
				71E67DB61EF5848E00116D9B /* Main.storyboard */,
				71E67DBC1EF5848E00116D9B /* Assets.xcassets */,
				71E67DBE1EF5848E00116D9B /* LaunchScreen.storyboard */,
				71E67DC11EF5848E00116D9B /* Info.plist */,
				71E67DB91EF5848E00116D9B /* WebRTCHandsOn.xcdatamodeld */,
			);
			path = WebRTCHandsOn;
			sourceTree = "<group>";
		};
/* End PBXGroup section */

/* Begin PBXNativeTarget section */
		71E67DAE1EF5848E00116D9B /* WebRTCHandsOn */ = {
			isa = PBXNativeTarget;
			buildConfigurationList = 71E67DC41EF5848E00116D9B /* Build configuration list for PBXNativeTarget "WebRTCHandsOn" */;
			buildPhases = (
				8B32B123D77211168464C460 /* [CP] Check Pods Manifest.lock */,
				71E67DAB1EF5848E00116D9B /* Sources */,
				71E67DAC1EF5848E00116D9B /* Frameworks */,
				71E67DAD1EF5848E00116D9B /* Resources */,
				54E6E7527ED852CC55ABAF84 /* [CP] Embed Pods Frameworks */,
				9848CD53A8CBA4A0A7C1AC1F /* [CP] Copy Pods Resources */,
			);
			buildRules = (
			);
			dependencies = (
			);
			name = WebRTCHandsOn;
			productName = WebRTCHandsOn;
			productReference = 71E67DAF1EF5848E00116D9B /* WebRTCHandsOn.app */;
			productType = "com.apple.product-type.application";
		};
/* End PBXNativeTarget section */

/* Begin PBXProject section */
		71E67DA71EF5848E00116D9B /* Project object */ = {
			isa = PBXProject;
			attributes = {
				LastSwiftUpdateCheck = 0830;
				LastUpgradeCheck = 0830;
				ORGANIZATIONNAME = "Tanaka, Tomohiro";
				TargetAttributes = {
					71E67DAE1EF5848E00116D9B = {
						CreatedOnToolsVersion = 8.3.3;
						DevelopmentTeam = 82U6N43YRD;
						ProvisioningStyle = Automatic;
					};
				};
			};
			buildConfigurationList = 71E67DAA1EF5848E00116D9B /* Build configuration list for PBXProject "WebRTCHandsOn" */;
			compatibilityVersion = "Xcode 3.2";
			developmentRegion = English;
			hasScannedForEncodings = 0;
			knownRegions = (
				en,
				Base,
			);
			mainGroup = 71E67DA61EF5848E00116D9B;
			productRefGroup = 71E67DB01EF5848E00116D9B /* Products */;
			projectDirPath = "";
			projectRoot = "";
			targets = (
				71E67DAE1EF5848E00116D9B /* WebRTCHandsOn */,
			);
		};
/* End PBXProject section */

/* Begin PBXResourcesBuildPhase section */
		71E67DAD1EF5848E00116D9B /* Resources */ = {
			isa = PBXResourcesBuildPhase;
			buildActionMask = 2147483647;
			files = (
				71E67DC01EF5848E00116D9B /* LaunchScreen.storyboard in Resources */,
				71E67DBD1EF5848E00116D9B /* Assets.xcassets in Resources */,
				71E67DB81EF5848E00116D9B /* Main.storyboard in Resources */,
			);
			runOnlyForDeploymentPostprocessing = 0;
		};
/* End PBXResourcesBuildPhase section */

/* Begin PBXShellScriptBuildPhase section */
		54E6E7527ED852CC55ABAF84 /* [CP] Embed Pods Frameworks */ = {
			isa = PBXShellScriptBuildPhase;
			buildActionMask = 2147483647;
			files = (
			);
			inputPaths = (
			);
			name = "[CP] Embed Pods Frameworks";
			outputPaths = (
			);
			runOnlyForDeploymentPostprocessing = 0;
			shellPath = /bin/sh;
			shellScript = "\"${SRCROOT}/Pods/Target Support Files/Pods-WebRTCHandsOn/Pods-WebRTCHandsOn-frameworks.sh\"\n";
			showEnvVarsInLog = 0;
		};
		8B32B123D77211168464C460 /* [CP] Check Pods Manifest.lock */ = {
			isa = PBXShellScriptBuildPhase;
			buildActionMask = 2147483647;
			files = (
			);
			inputPaths = (
			);
			name = "[CP] Check Pods Manifest.lock";
			outputPaths = (
			);
			runOnlyForDeploymentPostprocessing = 0;
			shellPath = /bin/sh;
			shellScript = "diff \"${PODS_PODFILE_DIR_PATH}/Podfile.lock\" \"${PODS_ROOT}/Manifest.lock\" > /dev/null\nif [ $? != 0 ] ; then\n    # print error to STDERR\n    echo \"error: The sandbox is not in sync with the Podfile.lock. Run 'pod install' or update your CocoaPods installation.\" >&2\n    exit 1\nfi\n";
			showEnvVarsInLog = 0;
		};
		9848CD53A8CBA4A0A7C1AC1F /* [CP] Copy Pods Resources */ = {
			isa = PBXShellScriptBuildPhase;
			buildActionMask = 2147483647;
			files = (
			);
			inputPaths = (
			);
			name = "[CP] Copy Pods Resources";
			outputPaths = (
			);
			runOnlyForDeploymentPostprocessing = 0;
			shellPath = /bin/sh;
			shellScript = "\"${SRCROOT}/Pods/Target Support Files/Pods-WebRTCHandsOn/Pods-WebRTCHandsOn-resources.sh\"\n";
			showEnvVarsInLog = 0;
		};
/* End PBXShellScriptBuildPhase section */

/* Begin PBXSourcesBuildPhase section */
		71E67DAB1EF5848E00116D9B /* Sources */ = {
			isa = PBXSourcesBuildPhase;
			buildActionMask = 2147483647;
			files = (
				71E67DB31EF5848E00116D9B /* AppDelegate.swift in Sources */,
				71E67DC81EF5935900116D9B /* JoinViewController.swift in Sources */,
				71E67DCA1EF5955E00116D9B /* ChatViewController.swift in Sources */,
				71E67DBB1EF5848E00116D9B /* WebRTCHandsOn.xcdatamodeld in Sources */,
			);
			runOnlyForDeploymentPostprocessing = 0;
		};
/* End PBXSourcesBuildPhase section */

/* Begin PBXVariantGroup section */
		71E67DB61EF5848E00116D9B /* Main.storyboard */ = {
			isa = PBXVariantGroup;
			children = (
				71E67DB71EF5848E00116D9B /* Base */,
			);
			name = Main.storyboard;
			sourceTree = "<group>";
		};
		71E67DBE1EF5848E00116D9B /* LaunchScreen.storyboard */ = {
			isa = PBXVariantGroup;
			children = (
				71E67DBF1EF5848E00116D9B /* Base */,
			);
			name = LaunchScreen.storyboard;
			sourceTree = "<group>";
		};
/* End PBXVariantGroup section */

/* Begin XCBuildConfiguration section */
		71E67DC21EF5848E00116D9B /* Debug */ = {
			isa = XCBuildConfiguration;
			buildSettings = {
				ALWAYS_SEARCH_USER_PATHS = NO;
				CLANG_ANALYZER_NONNULL = YES;
				CLANG_ANALYZER_NUMBER_OBJECT_CONVERSION = YES_AGGRESSIVE;
				CLANG_CXX_LANGUAGE_STANDARD = "gnu++0x";
				CLANG_CXX_LIBRARY = "libc++";
				CLANG_ENABLE_MODULES = YES;
				CLANG_ENABLE_OBJC_ARC = YES;
				CLANG_WARN_BOOL_CONVERSION = YES;
				CLANG_WARN_CONSTANT_CONVERSION = YES;
				CLANG_WARN_DIRECT_OBJC_ISA_USAGE = YES_ERROR;
				CLANG_WARN_DOCUMENTATION_COMMENTS = YES;
				CLANG_WARN_EMPTY_BODY = YES;
				CLANG_WARN_ENUM_CONVERSION = YES;
				CLANG_WARN_INFINITE_RECURSION = YES;
				CLANG_WARN_INT_CONVERSION = YES;
				CLANG_WARN_OBJC_ROOT_CLASS = YES_ERROR;
				CLANG_WARN_SUSPICIOUS_MOVE = YES;
				CLANG_WARN_UNREACHABLE_CODE = YES;
				CLANG_WARN__DUPLICATE_METHOD_MATCH = YES;
				"CODE_SIGN_IDENTITY[sdk=iphoneos*]" = "iPhone Developer";
				COPY_PHASE_STRIP = NO;
				DEBUG_INFORMATION_FORMAT = dwarf;
				ENABLE_STRICT_OBJC_MSGSEND = YES;
				ENABLE_TESTABILITY = YES;
				GCC_C_LANGUAGE_STANDARD = gnu99;
				GCC_DYNAMIC_NO_PIC = NO;
				GCC_NO_COMMON_BLOCKS = YES;
				GCC_OPTIMIZATION_LEVEL = 0;
				GCC_PREPROCESSOR_DEFINITIONS = (
					"DEBUG=1",
					"$(inherited)",
				);
				GCC_WARN_64_TO_32_BIT_CONVERSION = YES;
				GCC_WARN_ABOUT_RETURN_TYPE = YES_ERROR;
				GCC_WARN_UNDECLARED_SELECTOR = YES;
				GCC_WARN_UNINITIALIZED_AUTOS = YES_AGGRESSIVE;
				GCC_WARN_UNUSED_FUNCTION = YES;
				GCC_WARN_UNUSED_VARIABLE = YES;
				IPHONEOS_DEPLOYMENT_TARGET = 10.3;
				MTL_ENABLE_DEBUG_INFO = YES;
				ONLY_ACTIVE_ARCH = YES;
				SDKROOT = iphoneos;
				SWIFT_ACTIVE_COMPILATION_CONDITIONS = DEBUG;
				SWIFT_OPTIMIZATION_LEVEL = "-Onone";
			};
			name = Debug;
		};
		71E67DC31EF5848E00116D9B /* Release */ = {
			isa = XCBuildConfiguration;
			buildSettings = {
				ALWAYS_SEARCH_USER_PATHS = NO;
				CLANG_ANALYZER_NONNULL = YES;
				CLANG_ANALYZER_NUMBER_OBJECT_CONVERSION = YES_AGGRESSIVE;
				CLANG_CXX_LANGUAGE_STANDARD = "gnu++0x";
				CLANG_CXX_LIBRARY = "libc++";
				CLANG_ENABLE_MODULES = YES;
				CLANG_ENABLE_OBJC_ARC = YES;
				CLANG_WARN_BOOL_CONVERSION = YES;
				CLANG_WARN_CONSTANT_CONVERSION = YES;
				CLANG_WARN_DIRECT_OBJC_ISA_USAGE = YES_ERROR;
				CLANG_WARN_DOCUMENTATION_COMMENTS = YES;
				CLANG_WARN_EMPTY_BODY = YES;
				CLANG_WARN_ENUM_CONVERSION = YES;
				CLANG_WARN_INFINITE_RECURSION = YES;
				CLANG_WARN_INT_CONVERSION = YES;
				CLANG_WARN_OBJC_ROOT_CLASS = YES_ERROR;
				CLANG_WARN_SUSPICIOUS_MOVE = YES;
				CLANG_WARN_UNREACHABLE_CODE = YES;
				CLANG_WARN__DUPLICATE_METHOD_MATCH = YES;
				"CODE_SIGN_IDENTITY[sdk=iphoneos*]" = "iPhone Developer";
				COPY_PHASE_STRIP = NO;
				DEBUG_INFORMATION_FORMAT = "dwarf-with-dsym";
				ENABLE_NS_ASSERTIONS = NO;
				ENABLE_STRICT_OBJC_MSGSEND = YES;
				GCC_C_LANGUAGE_STANDARD = gnu99;
				GCC_NO_COMMON_BLOCKS = YES;
				GCC_WARN_64_TO_32_BIT_CONVERSION = YES;
				GCC_WARN_ABOUT_RETURN_TYPE = YES_ERROR;
				GCC_WARN_UNDECLARED_SELECTOR = YES;
				GCC_WARN_UNINITIALIZED_AUTOS = YES_AGGRESSIVE;
				GCC_WARN_UNUSED_FUNCTION = YES;
				GCC_WARN_UNUSED_VARIABLE = YES;
				IPHONEOS_DEPLOYMENT_TARGET = 10.3;
				MTL_ENABLE_DEBUG_INFO = NO;
				SDKROOT = iphoneos;
				SWIFT_OPTIMIZATION_LEVEL = "-Owholemodule";
				VALIDATE_PRODUCT = YES;
			};
			name = Release;
		};
		71E67DC51EF5848E00116D9B /* Debug */ = {
			isa = XCBuildConfiguration;
			baseConfigurationReference = 976A241F6C9D4EC851FDFB4E /* Pods-WebRTCHandsOn.debug.xcconfig */;
			buildSettings = {
				ASSETCATALOG_COMPILER_APPICON_NAME = AppIcon;
				DEVELOPMENT_TEAM = 82U6N43YRD;
				ENABLE_BITCODE = NO;
				INFOPLIST_FILE = WebRTCHandsOn/Info.plist;
				LD_RUNPATH_SEARCH_PATHS = "$(inherited) @executable_path/Frameworks";
				PRODUCT_BUNDLE_IDENTIFIER = NextBrain.com.WebRTCHandsOn;
				PRODUCT_NAME = "$(TARGET_NAME)";
				SWIFT_VERSION = 3.0;
			};
			name = Debug;
		};
		71E67DC61EF5848E00116D9B /* Release */ = {
			isa = XCBuildConfiguration;
			baseConfigurationReference = C4FBB6AF01DA66BDE3BDBB2D /* Pods-WebRTCHandsOn.release.xcconfig */;
			buildSettings = {
				ASSETCATALOG_COMPILER_APPICON_NAME = AppIcon;
				DEVELOPMENT_TEAM = 82U6N43YRD;
				ENABLE_BITCODE = NO;
				INFOPLIST_FILE = WebRTCHandsOn/Info.plist;
				LD_RUNPATH_SEARCH_PATHS = "$(inherited) @executable_path/Frameworks";
				PRODUCT_BUNDLE_IDENTIFIER = NextBrain.com.WebRTCHandsOn;
				PRODUCT_NAME = "$(TARGET_NAME)";
				SWIFT_VERSION = 3.0;
			};
			name = Release;
		};
/* End XCBuildConfiguration section */

/* Begin XCConfigurationList section */
		71E67DAA1EF5848E00116D9B /* Build configuration list for PBXProject "WebRTCHandsOn" */ = {
			isa = XCConfigurationList;
			buildConfigurations = (
				71E67DC21EF5848E00116D9B /* Debug */,
				71E67DC31EF5848E00116D9B /* Release */,
			);
			defaultConfigurationIsVisible = 0;
			defaultConfigurationName = Release;
		};
		71E67DC41EF5848E00116D9B /* Build configuration list for PBXNativeTarget "WebRTCHandsOn" */ = {
			isa = XCConfigurationList;
			buildConfigurations = (
				71E67DC51EF5848E00116D9B /* Debug */,
				71E67DC61EF5848E00116D9B /* Release */,
			);
			defaultConfigurationIsVisible = 0;
			defaultConfigurationName = Release;
		};
/* End XCConfigurationList section */

/* Begin XCVersionGroup section */
		71E67DB91EF5848E00116D9B /* WebRTCHandsOn.xcdatamodeld */ = {
			isa = XCVersionGroup;
			children = (
				71E67DBA1EF5848E00116D9B /* WebRTCHandsOn.xcdatamodel */,
			);
			currentVersion = 71E67DBA1EF5848E00116D9B /* WebRTCHandsOn.xcdatamodel */;
			path = WebRTCHandsOn.xcdatamodeld;
			sourceTree = "<group>";
			versionGroupType = wrapper.xcdatamodel;
		};
/* End XCVersionGroup section */
	};
	rootObject = 71E67DA71EF5848E00116D9B /* Project object */;
}
